
Microsoft Visual Studio Solution File, Format Version 12.00
# Visual Studio Version 17
VisualStudioVersion = 17.4.33110.190
MinimumVisualStudioVersion = 10.0.40219.1
Project("{9A19103F-16F7-4668-BE54-9A1E7A4F7556}") = "DynamicaLabsTest", "DynamicaLabsTest\DynamicaLabsTest.csproj", "{9A59985D-6150-4FA9-B57C-059B47479A7E}"
EndProject
Global
	GlobalSection(SolutionConfigurationPlatforms) = preSolution
		Debug|Any CPU = Debug|Any CPU
		Release|Any CPU = Release|Any CPU
	EndGlobalSection
	GlobalSection(ProjectConfigurationPlatforms) = postSolution
		{9A59985D-6150-4FA9-B57C-059B47479A7E}.Debug|Any CPU.ActiveCfg = Debug|Any CPU
		{9A59985D-6150-4FA9-B57C-059B47479A7E}.Debug|Any CPU.Build.0 = Debug|Any CPU
		{9A59985D-6150-4FA9-B57C-059B47479A7E}.Release|Any CPU.ActiveCfg = Release|Any CPU
		{9A59985D-6150-4FA9-B57C-059B47479A7E}.Release|Any CPU.Build.0 = Release|Any CPU
	EndGlobalSection
	GlobalSection(SolutionProperties) = preSolution
		HideSolutionNode = FALSE
	EndGlobalSection
	GlobalSection(ExtensibilityGlobals) = postSolution
		SolutionGuid = {B7FB3EC0-6491-4B6F-8E31-03A3B1B7A1AF}
	EndGlobalSection
EndGlobal
